PODS:
  - ActionSheetPicker-3.0 (2.3.0)
  - AFNetworking (3.2.1):
    - AFNetworking/NSURLSession (= 3.2.1)
    - AFNetworking/Reachability (= 3.2.1)
    - AFNetworking/Security (= 3.2.1)
    - AFNetworking/Serialization (= 3.2.1)
    - AFNetworking/UIKit (= 3.2.1)
  - AFNetworking/NSURLSession (3.2.1):
    - AFNetworking/Reachability
    - AFNetworking/Security
    - AFNetworking/Serialization
  - AFNetworking/Reachability (3.2.1)
  - AFNetworking/Security (3.2.1)
  - AFNetworking/Serialization (3.2.1)
  - AFNetworking/UIKit (3.2.1):
    - AFNetworking/NSURLSession
  - Alamofire (4.7.2)
  - Bolts (1.9.0):
    - Bolts/AppLinks (= 1.9.0)
    - Bolts/Tasks (= 1.9.0)
  - Bolts/AppLinks (1.9.0):
    - Bolts/Tasks
  - Bolts/Tasks (1.9.0)
  - Brightcove-Player-SDK-Player-UI/dynamic (1.0.4):
    - Brightcove-Player-SDK/dynamic (~> 5.0.5)
  - Brightcove-Player-SDK/dynamic (5.0.7)
  - Crashlytics (3.10.7):
    - Fabric (~> 1.7.11)
  - DropDown (2.3.2)
  - Fabric (1.7.11)
  - FBSDKCoreKit (4.33.0):
    - Bolts (~> 1.7)
  - FBSDKLoginKit (4.33.0):
    - FBSDKCoreKit
  - FBSDKShareKit (4.33.0):
    - FBSDKCoreKit (~> 4.33.0)
  - Firebase/Core (5.1.0):
    - Firebase/CoreOnly
    - FirebaseAnalytics (= 5.0.1)
  - Firebase/CoreOnly (5.1.0):
    - FirebaseCore (= 5.0.2)
  - Firebase/Crash (5.1.0):
    - Firebase/Core
    - FirebaseCrash (= 3.0.0)
  - Firebase/Messaging (5.1.0):
    - Firebase/CoreOnly
    - FirebaseMessaging (= 3.0.1)
  - FirebaseAnalytics (5.0.1):
    - FirebaseCore (~> 5.0)
    - FirebaseInstanceID (~> 3.0)
    - "GoogleToolboxForMac/NSData+zlib (~> 2.1)"
    - nanopb (~> 0.3)
  - FirebaseCore (5.0.2):
    - "GoogleToolboxForMac/NSData+zlib (~> 2.1)"
  - FirebaseCrash (3.0.0):
    - FirebaseAnalytics (~> 5.0)
    - FirebaseInstanceID (~> 3.0)
    - GoogleToolboxForMac/Logger (~> 2.1)
    - "GoogleToolboxForMac/NSData+zlib (~> 2.1)"
    - Protobuf (~> 3.5)
  - FirebaseInstanceID (3.0.0):
    - FirebaseCore (~> 5.0)
  - FirebaseMessaging (3.0.1):
    - FirebaseCore (~> 5.0)
    - FirebaseInstanceID (~> 3.0)
    - GoogleToolboxForMac/Logger (~> 2.1)
    - Protobuf (~> 3.1)
  - FZAccordionTableView (0.2.3)
  - GoneVisible (1.2.0)
  - GoogleSignIn (4.1.2):
    - "GoogleToolboxForMac/NSDictionary+URLArguments (~> 2.1)"
    - "GoogleToolboxForMac/NSString+URLArguments (~> 2.1)"
    - GTMOAuth2 (~> 1.0)
    - GTMSessionFetcher/Core (~> 1.1)
  - GoogleToolboxForMac/DebugUtils (2.1.4):
    - GoogleToolboxForMac/Defines (= 2.1.4)
  - GoogleToolboxForMac/Defines (2.1.4)
  - GoogleToolboxForMac/Logger (2.1.4):
    - GoogleToolboxForMac/Defines (= 2.1.4)
  - "GoogleToolboxForMac/NSData+zlib (2.1.4)":
    - GoogleToolboxForMac/Defines (= 2.1.4)
  - "GoogleToolboxForMac/NSDictionary+URLArguments (2.1.4)":
    - GoogleToolboxForMac/DebugUtils (= 2.1.4)
    - GoogleToolboxForMac/Defines (= 2.1.4)
    - "GoogleToolboxForMac/NSString+URLArguments (= 2.1.4)"
  - "GoogleToolboxForMac/NSString+URLArguments (2.1.4)"
  - Graph (2.2.0)
  - GTMOAuth2 (1.1.6):
    - GTMSessionFetcher (~> 1.1)
  - GTMSessionFetcher (1.1.15):
    - GTMSessionFetcher/Full (= 1.1.15)
  - GTMSessionFetcher/Core (1.1.15)
  - GTMSessionFetcher/Full (1.1.15):
    - GTMSessionFetcher/Core (= 1.1.15)
  - IQKeyboardManager (3.3.7)
  - KGModal (0.0.1)
  - KKActionSheet (0.2)
  - LGSideMenuController (1.0.10)
  - nanopb (0.3.8):
    - nanopb/decode (= 0.3.8)
    - nanopb/encode (= 0.3.8)
  - nanopb/decode (0.3.8)
  - nanopb/encode (0.3.8)
  - Pageboy (2.5.1)
  - Protobuf (3.5.0)
  - razorpay-pod (1.0.26)
  - ScrollableGraphView (4.0.6)
  - SDWebImage (3.8.2):
    - SDWebImage/Core (= 3.8.2)
  - SDWebImage/Core (3.8.2)
  - Siren (3.4.3)
  - SKPhotoBrowser (5.1.0)
  - SVProgressHUD (2.2.5)
  - WOWCardStackView (0.1.3)
  - YNExpandableCell (1.1.0)
  - ZoomImageView (0.4.0)
  - ZRScrollableTabBar (0.1.5)

DEPENDENCIES:
  - ActionSheetPicker-3.0
  - AFNetworking (~> 3.0)
  - Alamofire (~> 4.5)
  - Brightcove-Player-SDK-Player-UI/dynamic
  - Crashlytics
  - DropDown
  - Fabric
  - FBSDKCoreKit
  - FBSDKLoginKit
  - FBSDKShareKit
  - Firebase/Core
  - Firebase/Crash
  - Firebase/Messaging
  - FZAccordionTableView (~> 0.2.2)
  - GoneVisible
  - GoogleSignIn
  - Graph (~> 2.0)
  - IQKeyboardManager (= 3.3.7)
  - KGModal (~> 0.0.1)
  - KKActionSheet
  - LGSideMenuController (~> 1.0.0)
  - Pageboy (~> 2.0)
  - razorpay-pod (= 1.0.26)
  - ScrollableGraphView (~> 4.0.6)
  - SDWebImage (~> 3.8)
  - Siren
  - SKPhotoBrowser
  - SVProgressHUD
  - WOWCardStackView
  - YNExpandableCell
  - ZoomImageView
  - ZRScrollableTabBar

SPEC REPOS:
  https://github.com/cocoapods/specs.git:
    - ActionSheetPicker-3.0
    - AFNetworking
    - Alamofire
    - Bolts
    - Brightcove-Player-SDK
    - Brightcove-Player-SDK-Player-UI
    - Crashlytics
    - DropDown
    - Fabric
    - FBSDKCoreKit
    - FBSDKLoginKit
    - FBSDKShareKit
    - Firebase
    - FirebaseAnalytics
    - FirebaseCore
    - FirebaseCrash
    - FirebaseInstanceID
    - FirebaseMessaging
    - FZAccordionTableView
    - GoneVisible
    - GoogleSignIn
    - GoogleToolboxForMac
    - Graph
    - GTMOAuth2
    - GTMSessionFetcher
    - IQKeyboardManager
    - KGModal
    - KKActionSheet
    - LGSideMenuController
    - nanopb
    - Pageboy
    - Protobuf
    - razorpay-pod
    - ScrollableGraphView
    - SDWebImage
    - Siren
    - SKPhotoBrowser
    - SVProgressHUD
    - WOWCardStackView
    - YNExpandableCell
    - ZoomImageView
    - ZRScrollableTabBar

SPEC CHECKSUMS:
  ActionSheetPicker-3.0: eef157d75e151f255c5333d26656c7fbfe905a51
  AFNetworking: b6f891fdfaed196b46c7a83cf209e09697b94057
  Alamofire: e4fa87002c137ba2d8d634d2c51fabcda0d5c223
  Bolts: ac6567323eac61e203f6a9763667d0f711be34c8
  Brightcove-Player-SDK: 3e77737f58220d1bee1fac28a00ba1c17ede5605
  Brightcove-Player-SDK-Player-UI: e1dc3e653c5e6f0ef0f8063faf4fc245339c0c2c
  Crashlytics: ccaac42660eb9351b9960c0d66106b0bcf99f4fa
  DropDown: 7f87abecc28f9b4edad810fe1211c5c018c257e5
  Fabric: f233c9492b3bbc1f04e3882986740f7988a58edb
  FBSDKCoreKit: 572b047a7e029bc44542bcf8a59414e7ff2b543e
  FBSDKLoginKit: 88cb456349cfb3b554427ce4f8b43729d85dfb40
  FBSDKShareKit: 1869cb24db2cea90666a50cb9d568deb38e2d16e
  Firebase: e08fb0795f35707aeb1d8a715c731c45bdf6fd56
  FirebaseAnalytics: b3628aea54c50464c32c393fb2ea032566e7ecc2
  FirebaseCore: b81044df1044c0857a0737c6324678b72d4f7f00
  FirebaseCrash: 7adbf73b2c3ea424500cb6b1dae05c5bac72af9b
  FirebaseInstanceID: 83e0040351565df711a5db3d8ebe5ea21aca998a
  FirebaseMessaging: ec6fde5a77824c6da0218f9ca220feb251aa17d5
  FZAccordionTableView: e64f49c71c32d750feda14025b088bcd25d1a71f
  GoneVisible: c552940cd9df7548427f6bffd000dcbcc6de187f
  GoogleSignIn: d9ef55b10f0aa401a5de2747f59b725e4b9732ac
  GoogleToolboxForMac: 91c824d21e85b31c2aae9bb011c5027c9b4e738f
  Graph: 7c525bfb1c8e57442a5b34470fbefc014d9825b1
  GTMOAuth2: e8b6512c896235149df975c41d9a36c868ab7fba
  GTMSessionFetcher: 5fa5b80fd20e439ef5f545fb2cb3ca6c6714caa2
  IQKeyboardManager: 249c3946acf61345c18b038eb50863fe2793e3a8
  KGModal: d2759dbd6d5e70e7a60bb0c3ddc7c0ece6040128
  KKActionSheet: 42be427a3e6edadb1787da8bf70bfd86ef3d6a13
  LGSideMenuController: 8682bdbd0008c1acfbce95eaf96cc3657bca5f95
  nanopb: 5601e6bca2dbf1ed831b519092ec110f66982ca3
  Pageboy: f0295ea949f0b0123a1b486fd347ea892d0078e0
  Protobuf: 8a9838fba8dae3389230e1b7f8c104aa32389c03
  razorpay-pod: 6f1eeb10e473b4a88baee1cd054eed76b926c923
  ScrollableGraphView: 4af35d4ea9ecdec665d34a74da51da161ddff8ac
  SDWebImage: 098e97e6176540799c27e804c96653ee0833d13c
  Siren: e3cf1a93fa0fa73c03452107e95e5c10768d1d08
  SKPhotoBrowser: c20c1da34d737b4e3e101feead6c8dd92ebf860a
  SVProgressHUD: 1428aafac632c1f86f62aa4243ec12008d7a51d6
  WOWCardStackView: 412ca3a01036d052f0ee5532469ab385bc4d7cd8
  YNExpandableCell: 47bf7cff721aa535c0e9e1163bf22b5573441bb4
  ZoomImageView: 25559e92b53db499681706b61024bd4906e57abe
  ZRScrollableTabBar: db9a4465c82978e22daaed77f8a79bcb7545f2e0

PODFILE CHECKSUM: b73d322977d0deb06d5e5a12a954553e42684fd7

COCOAPODS: 1.5.3
